// !$*UTF8*$!
{
	archiveVersion = 1;
	classes = {
	};
	objectVersion = 50;
	objects = {

/* Begin PBXBuildFile section */
		28B864F12428DBEF00188CD9 /* AppDelegate.swift in Sources */ = {isa = PBXBuildFile; fileRef = 28B864F02428DBEF00188CD9 /* AppDelegate.swift */; };
		28B864F32428DBEF00188CD9 /* SceneDelegate.swift in Sources */ = {isa = PBXBuildFile; fileRef = 28B864F22428DBEF00188CD9 /* SceneDelegate.swift */; };
		28B864F52428DBEF00188CD9 /* ViewController.swift in Sources */ = {isa = PBXBuildFile; fileRef = 28B864F42428DBEF00188CD9 /* ViewController.swift */; };
		28B864F82428DBEF00188CD9 /* Main.storyboard in Resources */ = {isa = PBXBuildFile; fileRef = 28B864F62428DBEF00188CD9 /* Main.storyboard */; };
		28B864FA2428DBF100188CD9 /* Assets.xcassets in Resources */ = {isa = PBXBuildFile; fileRef = 28B864F92428DBF100188CD9 /* Assets.xcassets */; };
		28B864FD2428DBF100188CD9 /* LaunchScreen.storyboard in Resources */ = {isa = PBXBuildFile; fileRef = 28B864FB2428DBF100188CD9 /* LaunchScreen.storyboard */; };
		28B865092428DC2B00188CD9 /* main.swift in Sources */ = {isa = PBXBuildFile; fileRef = 28B865082428DC2B00188CD9 /* main.swift */; };
		28B8650C2428DD1400188CD9 /* Localizable.strings in Resources */ = {isa = PBXBuildFile; fileRef = 28B8650E2428DD1400188CD9 /* Localizable.strings */; };
/* End PBXBuildFile section */

/* Begin PBXFileReference section */
		28B864ED2428DBEF00188CD9 /* TestDefaultLocalization.app */ = {isa = PBXFileReference; explicitFileType = wrapper.application; includeInIndex = 0; path = TestDefaultLocalization.app; sourceTree = BUILT_PRODUCTS_DIR; };
		28B864F02428DBEF00188CD9 /* AppDelegate.swift */ = {isa = PBXFileReference; lastKnownFileType = sourcecode.swift; path = AppDelegate.swift; sourceTree = "<group>"; };
		28B864F22428DBEF00188CD9 /* SceneDelegate.swift */ = {isa = PBXFileReference; lastKnownFileType = sourcecode.swift; path = SceneDelegate.swift; sourceTree = "<group>"; };
		28B864F42428DBEF00188CD9 /* ViewController.swift */ = {isa = PBXFileReference; lastKnownFileType = sourcecode.swift; path = ViewController.swift; sourceTree = "<group>"; };
		28B864F72428DBEF00188CD9 /* Base */ = {isa = PBXFileReference; lastKnownFileType = file.storyboard; name = Base; path = Base.lproj/Main.storyboard; sourceTree = "<group>"; };
		28B864F92428DBF100188CD9 /* Assets.xcassets */ = {isa = PBXFileReference; lastKnownFileType = folder.assetcatalog; path = Assets.xcassets; sourceTree = "<group>"; };
		28B864FC2428DBF100188CD9 /* Base */ = {isa = PBXFileReference; lastKnownFileType = file.storyboard; name = Base; path = Base.lproj/LaunchScreen.storyboard; sourceTree = "<group>"; };
		28B864FE2428DBF100188CD9 /* Info.plist */ = {isa = PBXFileReference; lastKnownFileType = text.plist.xml; path = Info.plist; sourceTree = "<group>"; };
		28B865042428DBFF00188CD9 /* fr */ = {isa = PBXFileReference; lastKnownFileType = text.plist.strings; name = fr; path = fr.lproj/Main.strings; sourceTree = "<group>"; };
		28B865052428DC0100188CD9 /* fr */ = {isa = PBXFileReference; lastKnownFileType = text.plist.strings; name = fr; path = fr.lproj/LaunchScreen.strings; sourceTree = "<group>"; };
		28B865062428DC0500188CD9 /* ar */ = {isa = PBXFileReference; lastKnownFileType = text.plist.strings; name = ar; path = ar.lproj/Main.strings; sourceTree = "<group>"; };
		28B865072428DC0500188CD9 /* ar */ = {isa = PBXFileReference; lastKnownFileType = text.plist.strings; name = ar; path = ar.lproj/LaunchScreen.strings; sourceTree = "<group>"; };
		28B865082428DC2B00188CD9 /* main.swift */ = {isa = PBXFileReference; lastKnownFileType = sourcecode.swift; path = main.swift; sourceTree = "<group>"; };
		28B8650D2428DD1400188CD9 /* en */ = {isa = PBXFileReference; lastKnownFileType = text.plist.strings; name = en; path = en.lproj/Localizable.strings; sourceTree = "<group>"; };
		28B8650F2428DD1600188CD9 /* ar */ = {isa = PBXFileReference; lastKnownFileType = text.plist.strings; name = ar; path = ar.lproj/Localizable.strings; sourceTree = "<group>"; };
		28B865102428DD1700188CD9 /* fr */ = {isa = PBXFileReference; lastKnownFileType = text.plist.strings; name = fr; path = fr.lproj/Localizable.strings; sourceTree = "<group>"; };
/* End PBXFileReference section */

/* Begin PBXFrameworksBuildPhase section */
		28B864EA2428DBEF00188CD9 /* Frameworks */ = {
			isa = PBXFrameworksBuildPhase;
			buildActionMask = 2147483647;
			files = (
			);
			runOnlyForDeploymentPostprocessing = 0;
		};
/* End PBXFrameworksBuildPhase section */

/* Begin PBXGroup section */
		28B864E42428DBEF00188CD9 = {
			isa = PBXGroup;
			children = (
				28B864EF2428DBEF00188CD9 /* TestDefaultLocalization */,
				28B864EE2428DBEF00188CD9 /* Products */,
			);
			sourceTree = "<group>";
		};
		28B864EE2428DBEF00188CD9 /* Products */ = {
			isa = PBXGroup;
			children = (
				28B864ED2428DBEF00188CD9 /* TestDefaultLocalization.app */,
			);
			name = Products;
			sourceTree = "<group>";
		};
		28B864EF2428DBEF00188CD9 /* TestDefaultLocalization */ = {
			isa = PBXGroup;
			children = (
				28B864F02428DBEF00188CD9 /* AppDelegate.swift */,
				28B864F22428DBEF00188CD9 /* SceneDelegate.swift */,
				28B864F42428DBEF00188CD9 /* ViewController.swift */,
				28B864F62428DBEF00188CD9 /* Main.storyboard */,
				28B864F92428DBF100188CD9 /* Assets.xcassets */,
				28B864FB2428DBF100188CD9 /* LaunchScreen.storyboard */,
				28B864FE2428DBF100188CD9 /* Info.plist */,
				28B865082428DC2B00188CD9 /* main.swift */,
				28B8650E2428DD1400188CD9 /* Localizable.strings */,
			);
			path = TestDefaultLocalization;
			sourceTree = "<group>";
		};
/* End PBXGroup section */

/* Begin PBXNativeTarget section */
		28B864EC2428DBEF00188CD9 /* TestDefaultLocalization */ = {
			isa = PBXNativeTarget;
			buildConfigurationList = 28B865012428DBF100188CD9 /* Build configuration list for PBXNativeTarget "TestDefaultLocalization" */;
			buildPhases = (
				28B864E92428DBEF00188CD9 /* Sources */,
				28B864EA2428DBEF00188CD9 /* Frameworks */,
				28B864EB2428DBEF00188CD9 /* Resources */,
			);
			buildRules = (
			);
			dependencies = (
			);
			name = TestDefaultLocalization;
			productName = TestDefaultLocalization;
			productReference = 28B864ED2428DBEF00188CD9 /* TestDefaultLocalization.app */;
			productType = "com.apple.product-type.application";
		};
/* End PBXNativeTarget section */

/* Begin PBXProject section */
		28B864E52428DBEF00188CD9 /* Project object */ = {
			isa = PBXProject;
			attributes = {
				LastSwiftUpdateCheck = 1130;
				LastUpgradeCheck = 1130;
				ORGANIZATIONNAME = io.github.ahmedkhalaf;
				TargetAttributes = {
					28B864EC2428DBEF00188CD9 = {
						CreatedOnToolsVersion = 11.3;
					};
				};
			};
			buildConfigurationList = 28B864E82428DBEF00188CD9 /* Build configuration list for PBXProject "TestDefaultLocalization" */;
			compatibilityVersion = "Xcode 9.3";
			developmentRegion = en;
			hasScannedForEncodings = 0;
			knownRegions = (
				en,
				Base,
				fr,
				ar,
			);
			mainGroup = 28B864E42428DBEF00188CD9;
			productRefGroup = 28B864EE2428DBEF00188CD9 /* Products */;
			projectDirPath = "";
			projectRoot = "";
			targets = (
				28B864EC2428DBEF00188CD9 /* TestDefaultLocalization */,
			);
		};
/* End PBXProject section */

/* Begin PBXResourcesBuildPhase section */
		28B864EB2428DBEF00188CD9 /* Resources */ = {
			isa = PBXResourcesBuildPhase;
			buildActionMask = 2147483647;
			files = (
				28B864FD2428DBF100188CD9 /* LaunchScreen.storyboard in Resources */,
				28B8650C2428DD1400188CD9 /* Localizable.strings in Resources */,
				28B864FA2428DBF100188CD9 /* Assets.xcassets in Resources */,
				28B864F82428DBEF00188CD9 /* Main.storyboard in Resources */,
			);
			runOnlyForDeploymentPostprocessing = 0;
		};
/* End PBXResourcesBuildPhase section */

/* Begin PBXSourcesBuildPhase section */
		28B864E92428DBEF00188CD9 /* Sources */ = {
			isa = PBXSourcesBuildPhase;
			buildActionMask = 2147483647;
			files = (
				28B864F52428DBEF00188CD9 /* ViewController.swift in Sources */,
				28B864F12428DBEF00188CD9 /* AppDelegate.swift in Sources */,
				28B865092428DC2B00188CD9 /* main.swift in Sources */,
				28B864F32428DBEF00188CD9 /* SceneDelegate.swift in Sources */,
			);
			runOnlyForDeploymentPostprocessing = 0;
		};
/* End PBXSourcesBuildPhase section */

/* Begin PBXVariantGroup section */
		28B864F62428DBEF00188CD9 /* Main.storyboard */ = {
			isa = PBXVariantGroup;
			children = (
				28B864F72428DBEF00188CD9 /* Base */,
				28B865042428DBFF00188CD9 /* fr */,
				28B865062428DC0500188CD9 /* ar */,
			);
			name = Main.storyboard;
			sourceTree = "<group>";
		};
		28B864FB2428DBF100188CD9 /* LaunchScreen.storyboard */ = {
			isa = PBXVariantGroup;
			children = (
				28B864FC2428DBF100188CD9 /* Base */,
				28B865052428DC0100188CD9 /* fr */,
				28B865072428DC0500188CD9 /* ar */,
			);
			name = LaunchScreen.storyboard;
			sourceTree = "<group>";
		};
		28B8650E2428DD1400188CD9 /* Localizable.strings */ = {
			isa = PBXVariantGroup;
			children = (
				28B8650D2428DD1400188CD9 /* en */,
				28B8650F2428DD1600188CD9 /* ar */,
				28B865102428DD1700188CD9 /* fr */,
			);
			name = Localizable.strings;
			sourceTree = "<group>";
		};
/* End PBXVariantGroup section */

/* Begin XCBuildConfiguration section */
		28B864FF2428DBF100188CD9 /* Debug */ = {
			isa = XCBuildConfiguration;
			buildSettings = {
				ALWAYS_SEARCH_USER_PATHS = NO;
				CLANG_ANALYZER_LOCALIZABILITY_NONLOCALIZED = YES;
				CLANG_ANALYZER_NONNULL = YES;
				CLANG_ANALYZER_NUMBER_OBJECT_CONVERSION = YES_AGGRESSIVE;
				CLANG_CXX_LANGUAGE_STANDARD = "gnu++14";
				CLANG_CXX_LIBRARY = "libc++";
				CLANG_ENABLE_MODULES = YES;
				CLANG_ENABLE_OBJC_ARC = YES;
				CLANG_ENABLE_OBJC_WEAK = YES;
				CLANG_WARN_BLOCK_CAPTURE_AUTORELEASING = YES;
				CLANG_WARN_BOOL_CONVERSION = YES;
				CLANG_WARN_COMMA = YES;
				CLANG_WARN_CONSTANT_CONVERSION = YES;
				CLANG_WARN_DEPRECATED_OBJC_IMPLEMENTATIONS = YES;
				CLANG_WARN_DIRECT_OBJC_ISA_USAGE = YES_ERROR;
				CLANG_WARN_DOCUMENTATION_COMMENTS = YES;
				CLANG_WARN_EMPTY_BODY = YES;
				CLANG_WARN_ENUM_CONVERSION = YES;
				CLANG_WARN_INFINITE_RECURSION = YES;
				CLANG_WARN_INT_CONVERSION = YES;
				CLANG_WARN_NON_LITERAL_NULL_CONVERSION = YES;
				CLANG_WARN_OBJC_IMPLICIT_RETAIN_SELF = YES;
				CLANG_WARN_OBJC_LITERAL_CONVERSION = YES;
				CLANG_WARN_OBJC_ROOT_CLASS = YES_ERROR;
				CLANG_WARN_RANGE_LOOP_ANALYSIS = YES;
				CLANG_WARN_STRICT_PROTOTYPES = YES;
				CLANG_WARN_SUSPICIOUS_MOVE = YES;
				CLANG_WARN_UNGUARDED_AVAILABILITY = YES_AGGRESSIVE;
				CLANG_WARN_UNREACHABLE_CODE = YES;
				CLANG_WARN__DUPLICATE_METHOD_MATCH = YES;
				COPY_PHASE_STRIP = NO;
				DEBUG_INFORMATION_FORMAT = dwarf;
				ENABLE_STRICT_OBJC_MSGSEND = YES;
				ENABLE_TESTABILITY = YES;
				GCC_C_LANGUAGE_STANDARD = gnu11;
				GCC_DYNAMIC_NO_PIC = NO;
				GCC_NO_COMMON_BLOCKS = YES;
				GCC_OPTIMIZATION_LEVEL = 0;
				GCC_PREPROCESSOR_DEFINITIONS = (
					"DEBUG=1",
					"$(inherited)",
				);
				GCC_WARN_64_TO_32_BIT_CONVERSION = YES;
				GCC_WARN_ABOUT_RETURN_TYPE = YES_ERROR;
				GCC_WARN_UNDECLARED_SELECTOR = YES;
				GCC_WARN_UNINITIALIZED_AUTOS = YES_AGGRESSIVE;
				GCC_WARN_UNUSED_FUNCTION = YES;
				GCC_WARN_UNUSED_VARIABLE = YES;
				IPHONEOS_DEPLOYMENT_TARGET = 13.2;
				MTL_ENABLE_DEBUG_INFO = INCLUDE_SOURCE;
				MTL_FAST_MATH = YES;
				ONLY_ACTIVE_ARCH = YES;
				SDKROOT = iphoneos;
				SWIFT_ACTIVE_COMPILATION_CONDITIONS = DEBUG;
				SWIFT_OPTIMIZATION_LEVEL = "-Onone";
			};
			name = Debug;
		};
		28B865002428DBF100188CD9 /* Release */ = {
			isa = XCBuildConfiguration;
			buildSettings = {
				ALWAYS_SEARCH_USER_PATHS = NO;
				CLANG_ANALYZER_LOCALIZABILITY_NONLOCALIZED = YES;
				CLANG_ANALYZER_NONNULL = YES;
				CLANG_ANALYZER_NUMBER_OBJECT_CONVERSION = YES_AGGRESSIVE;
				CLANG_CXX_LANGUAGE_STANDARD = "gnu++14";
				CLANG_CXX_LIBRARY = "libc++";
				CLANG_ENABLE_MODULES = YES;
				CLANG_ENABLE_OBJC_ARC = YES;
				CLANG_ENABLE_OBJC_WEAK = YES;
				CLANG_WARN_BLOCK_CAPTURE_AUTORELEASING = YES;
				CLANG_WARN_BOOL_CONVERSION = YES;
				CLANG_WARN_COMMA = YES;
				CLANG_WARN_CONSTANT_CONVERSION = YES;
				CLANG_WARN_DEPRECATED_OBJC_IMPLEMENTATIONS = YES;
				CLANG_WARN_DIRECT_OBJC_ISA_USAGE = YES_ERROR;
				CLANG_WARN_DOCUMENTATION_COMMENTS = YES;
				CLANG_WARN_EMPTY_BODY = YES;
				CLANG_WARN_ENUM_CONVERSION = YES;
				CLANG_WARN_INFINITE_RECURSION = YES;
				CLANG_WARN_INT_CONVERSION = YES;
				CLANG_WARN_NON_LITERAL_NULL_CONVERSION = YES;
				CLANG_WARN_OBJC_IMPLICIT_RETAIN_SELF = YES;
				CLANG_WARN_OBJC_LITERAL_CONVERSION = YES;
				CLANG_WARN_OBJC_ROOT_CLASS = YES_ERROR;
				CLANG_WARN_RANGE_LOOP_ANALYSIS = YES;
				CLANG_WARN_STRICT_PROTOTYPES = YES;
				CLANG_WARN_SUSPICIOUS_MOVE = YES;
				CLANG_WARN_UNGUARDED_AVAILABILITY = YES_AGGRESSIVE;
				CLANG_WARN_UNREACHABLE_CODE = YES;
				CLANG_WARN__DUPLICATE_METHOD_MATCH = YES;
				COPY_PHASE_STRIP = NO;
				DEBUG_INFORMATION_FORMAT = "dwarf-with-dsym";
				ENABLE_NS_ASSERTIONS = NO;
				ENABLE_STRICT_OBJC_MSGSEND = YES;
				GCC_C_LANGUAGE_STANDARD = gnu11;
				GCC_NO_COMMON_BLOCKS = YES;
				GCC_WARN_64_TO_32_BIT_CONVERSION = YES;
				GCC_WARN_ABOUT_RETURN_TYPE = YES_ERROR;
				GCC_WARN_UNDECLARED_SELECTOR = YES;
				GCC_WARN_UNINITIALIZED_AUTOS = YES_AGGRESSIVE;
				GCC_WARN_UNUSED_FUNCTION = YES;
				GCC_WARN_UNUSED_VARIABLE = YES;
				IPHONEOS_DEPLOYMENT_TARGET = 13.2;
				MTL_ENABLE_DEBUG_INFO = NO;
				MTL_FAST_MATH = YES;
				SDKROOT = iphoneos;
				SWIFT_COMPILATION_MODE = wholemodule;
				SWIFT_OPTIMIZATION_LEVEL = "-O";
				VALIDATE_PRODUCT = YES;
			};
			name = Release;
		};
		28B865022428DBF100188CD9 /* Debug */ = {
			isa = XCBuildConfiguration;
			buildSettings = {
				ASSETCATALOG_COMPILER_APPICON_NAME = AppIcon;
				CODE_SIGN_STYLE = Automatic;
				DEVELOPMENT_TEAM = Y699PM52F2;
				INFOPLIST_FILE = TestDefaultLocalization/Info.plist;
				LD_RUNPATH_SEARCH_PATHS = (
					"$(inherited)",
					"@executable_path/Frameworks",
				);
				PRODUCT_BUNDLE_IDENTIFIER = AIT.TestDefaultLocalization;
				PRODUCT_NAME = "$(TARGET_NAME)";
				SWIFT_VERSION = 5.0;
				TARGETED_DEVICE_FAMILY = "1,2";
			};
			name = Debug;
		};
		28B865032428DBF100188CD9 /* Release */ = {
			isa = XCBuildConfiguration;
			buildSettings = {
				ASSETCATALOG_COMPILER_APPICON_NAME = AppIcon;
				CODE_SIGN_STYLE = Automatic;
				DEVELOPMENT_TEAM = Y699PM52F2;
				INFOPLIST_FILE = TestDefaultLocalization/Info.plist;
				LD_RUNPATH_SEARCH_PATHS = (
					"$(inherited)",
					"@executable_path/Frameworks",
				);
				PRODUCT_BUNDLE_IDENTIFIER = AIT.TestDefaultLocalization;
				PRODUCT_NAME = "$(TARGET_NAME)";
				SWIFT_VERSION = 5.0;
				TARGETED_DEVICE_FAMILY = "1,2";
			};
			name = Release;
		};
/* End XCBuildConfiguration section */

/* Begin XCConfigurationList section */
		28B864E82428DBEF00188CD9 /* Build configuration list for PBXProject "TestDefaultLocalization" */ = {
			isa = XCConfigurationList;
			buildConfigurations = (
				28B864FF2428DBF100188CD9 /* Debug */,
				28B865002428DBF100188CD9 /* Release */,
			);
			defaultConfigurationIsVisible = 0;
			defaultConfigurationName = Release;
		};
		28B865012428DBF100188CD9 /* Build configuration list for PBXNativeTarget "TestDefaultLocalization" */ = {
			isa = XCConfigurationList;
			buildConfigurations = (
				28B865022428DBF100188CD9 /* Debug */,
				28B865032428DBF100188CD9 /* Release */,
			);
			defaultConfigurationIsVisible = 0;
			defaultConfigurationName = Release;
		};
/* End XCConfigurationList section */
	};
	rootObject = 28B864E52428DBEF00188CD9 /* Project object */;
}
